// !$*UTF8*$!
{
	archiveVersion = 1;
	classes = {
	};
	objectVersion = 46;
	objects = {

/* Begin PBXBuildFile section */
		407C21AC1B25A63F00A6CEBA /* AppDelegate.swift in Sources */ = {isa = PBXBuildFile; fileRef = 407C21AB1B25A63F00A6CEBA /* AppDelegate.swift */; };
		407C21AE1B25A63F00A6CEBA /* ViewController.swift in Sources */ = {isa = PBXBuildFile; fileRef = 407C21AD1B25A63F00A6CEBA /* ViewController.swift */; };
		407C21B11B25A63F00A6CEBA /* Main.storyboard in Resources */ = {isa = PBXBuildFile; fileRef = 407C21AF1B25A63F00A6CEBA /* Main.storyboard */; };
		407C21B31B25A63F00A6CEBA /* Images.xcassets in Resources */ = {isa = PBXBuildFile; fileRef = 407C21B21B25A63F00A6CEBA /* Images.xcassets */; };
		407C21B61B25A63F00A6CEBA /* LaunchScreen.xib in Resources */ = {isa = PBXBuildFile; fileRef = 407C21B41B25A63F00A6CEBA /* LaunchScreen.xib */; };
		407C21C21B25A63F00A6CEBA /* TestChatControllerTests.swift in Sources */ = {isa = PBXBuildFile; fileRef = 407C21C11B25A63F00A6CEBA /* TestChatControllerTests.swift */; };
		407C21CC1B25AA7C00A6CEBA /* MyCustomTableViewCell.swift in Sources */ = {isa = PBXBuildFile; fileRef = 407C21CB1B25AA7C00A6CEBA /* MyCustomTableViewCell.swift */; };
		407C21CE1B25AB8600A6CEBA /* demands.png in Resources */ = {isa = PBXBuildFile; fileRef = 407C21CD1B25AB8600A6CEBA /* demands.png */; };
		407C21D01B25AC8900A6CEBA /* niujiao.jpg in Resources */ = {isa = PBXBuildFile; fileRef = 407C21CF1B25AC8900A6CEBA /* niujiao.jpg */; };
/* End PBXBuildFile section */

/* Begin PBXContainerItemProxy section */
		407C21BC1B25A63F00A6CEBA /* PBXContainerItemProxy */ = {
			isa = PBXContainerItemProxy;
			containerPortal = 407C219E1B25A63F00A6CEBA /* Project object */;
			proxyType = 1;
			remoteGlobalIDString = 407C21A51B25A63F00A6CEBA;
			remoteInfo = TestChatController;
		};
/* End PBXContainerItemProxy section */

/* Begin PBXFileReference section */
		407C21A61B25A63F00A6CEBA /* TestChatController.app */ = {isa = PBXFileReference; explicitFileType = wrapper.application; includeInIndex = 0; path = TestChatController.app; sourceTree = BUILT_PRODUCTS_DIR; };
		407C21AA1B25A63F00A6CEBA /* Info.plist */ = {isa = PBXFileReference; lastKnownFileType = text.plist.xml; path = Info.plist; sourceTree = "<group>"; };
		407C21AB1B25A63F00A6CEBA /* AppDelegate.swift */ = {isa = PBXFileReference; lastKnownFileType = sourcecode.swift; path = AppDelegate.swift; sourceTree = "<group>"; };
		407C21AD1B25A63F00A6CEBA /* ViewController.swift */ = {isa = PBXFileReference; lastKnownFileType = sourcecode.swift; path = ViewController.swift; sourceTree = "<group>"; };
		407C21B01B25A63F00A6CEBA /* Base */ = {isa = PBXFileReference; lastKnownFileType = file.storyboard; name = Base; path = Base.lproj/Main.storyboard; sourceTree = "<group>"; };
		407C21B21B25A63F00A6CEBA /* Images.xcassets */ = {isa = PBXFileReference; lastKnownFileType = folder.assetcatalog; path = Images.xcassets; sourceTree = "<group>"; };
		407C21B51B25A63F00A6CEBA /* Base */ = {isa = PBXFileReference; lastKnownFileType = file.xib; name = Base; path = Base.lproj/LaunchScreen.xib; sourceTree = "<group>"; };
		407C21BB1B25A63F00A6CEBA /* TestChatControllerTests.xctest */ = {isa = PBXFileReference; explicitFileType = wrapper.cfbundle; includeInIndex = 0; path = TestChatControllerTests.xctest; sourceTree = BUILT_PRODUCTS_DIR; };
		407C21C01B25A63F00A6CEBA /* Info.plist */ = {isa = PBXFileReference; lastKnownFileType = text.plist.xml; path = Info.plist; sourceTree = "<group>"; };
		407C21C11B25A63F00A6CEBA /* TestChatControllerTests.swift */ = {isa = PBXFileReference; lastKnownFileType = sourcecode.swift; path = TestChatControllerTests.swift; sourceTree = "<group>"; };
		407C21CB1B25AA7C00A6CEBA /* MyCustomTableViewCell.swift */ = {isa = PBXFileReference; fileEncoding = 4; lastKnownFileType = sourcecode.swift; path = MyCustomTableViewCell.swift; sourceTree = "<group>"; };
		407C21CD1B25AB8600A6CEBA /* demands.png */ = {isa = PBXFileReference; lastKnownFileType = image.png; path = demands.png; sourceTree = "<group>"; };
		407C21CF1B25AC8900A6CEBA /* niujiao.jpg */ = {isa = PBXFileReference; lastKnownFileType = image.jpeg; path = niujiao.jpg; sourceTree = "<group>"; };
/* End PBXFileReference section */

/* Begin PBXFrameworksBuildPhase section */
		407C21A31B25A63F00A6CEBA /* Frameworks */ = {
			isa = PBXFrameworksBuildPhase;
			buildActionMask = 2147483647;
			files = (
			);
			runOnlyForDeploymentPostprocessing = 0;
		};
		407C21B81B25A63F00A6CEBA /* Frameworks */ = {
			isa = PBXFrameworksBuildPhase;
			buildActionMask = 2147483647;
			files = (
			);
			runOnlyForDeploymentPostprocessing = 0;
		};
/* End PBXFrameworksBuildPhase section */

/* Begin PBXGroup section */
		407C219D1B25A63F00A6CEBA = {
			isa = PBXGroup;
			children = (
				407C21A81B25A63F00A6CEBA /* TestChatController */,
				407C21BE1B25A63F00A6CEBA /* TestChatControllerTests */,
				407C21A71B25A63F00A6CEBA /* Products */,
			);
			sourceTree = "<group>";
		};
		407C21A71B25A63F00A6CEBA /* Products */ = {
			isa = PBXGroup;
			children = (
				407C21A61B25A63F00A6CEBA /* TestChatController.app */,
				407C21BB1B25A63F00A6CEBA /* TestChatControllerTests.xctest */,
			);
			name = Products;
			sourceTree = "<group>";
		};
		407C21A81B25A63F00A6CEBA /* TestChatController */ = {
			isa = PBXGroup;
			children = (
				407C21AB1B25A63F00A6CEBA /* AppDelegate.swift */,
				407C21AD1B25A63F00A6CEBA /* ViewController.swift */,
				407C21CF1B25AC8900A6CEBA /* niujiao.jpg */,
				407C21CD1B25AB8600A6CEBA /* demands.png */,
				407C21AF1B25A63F00A6CEBA /* Main.storyboard */,
				407C21CB1B25AA7C00A6CEBA /* MyCustomTableViewCell.swift */,
				407C21B21B25A63F00A6CEBA /* Images.xcassets */,
				407C21B41B25A63F00A6CEBA /* LaunchScreen.xib */,
				407C21A91B25A63F00A6CEBA /* Supporting Files */,
			);
			path = TestChatController;
			sourceTree = "<group>";
		};
		407C21A91B25A63F00A6CEBA /* Supporting Files */ = {
			isa = PBXGroup;
			children = (
				407C21AA1B25A63F00A6CEBA /* Info.plist */,
			);
			name = "Supporting Files";
			sourceTree = "<group>";
		};
		407C21BE1B25A63F00A6CEBA /* TestChatControllerTests */ = {
			isa = PBXGroup;
			children = (
				407C21C11B25A63F00A6CEBA /* TestChatControllerTests.swift */,
				407C21BF1B25A63F00A6CEBA /* Supporting Files */,
			);
			path = TestChatControllerTests;
			sourceTree = "<group>";
		};
		407C21BF1B25A63F00A6CEBA /* Supporting Files */ = {
			isa = PBXGroup;
			children = (
				407C21C01B25A63F00A6CEBA /* Info.plist */,
			);
			name = "Supporting Files";
			sourceTree = "<group>";
		};
/* End PBXGroup section */

/* Begin PBXNativeTarget section */
		407C21A51B25A63F00A6CEBA /* TestChatController */ = {
			isa = PBXNativeTarget;
			buildConfigurationList = 407C21C51B25A63F00A6CEBA /* Build configuration list for PBXNativeTarget "TestChatController" */;
			buildPhases = (
				407C21A21B25A63F00A6CEBA /* Sources */,
				407C21A31B25A63F00A6CEBA /* Frameworks */,
				407C21A41B25A63F00A6CEBA /* Resources */,
			);
			buildRules = (
			);
			dependencies = (
			);
			name = TestChatController;
			productName = TestChatController;
			productReference = 407C21A61B25A63F00A6CEBA /* TestChatController.app */;
			productType = "com.apple.product-type.application";
		};
		407C21BA1B25A63F00A6CEBA /* TestChatControllerTests */ = {
			isa = PBXNativeTarget;
			buildConfigurationList = 407C21C81B25A63F00A6CEBA /* Build configuration list for PBXNativeTarget "TestChatControllerTests" */;
			buildPhases = (
				407C21B71B25A63F00A6CEBA /* Sources */,
				407C21B81B25A63F00A6CEBA /* Frameworks */,
				407C21B91B25A63F00A6CEBA /* Resources */,
			);
			buildRules = (
			);
			dependencies = (
				407C21BD1B25A63F00A6CEBA /* PBXTargetDependency */,
			);
			name = TestChatControllerTests;
			productName = TestChatControllerTests;
			productReference = 407C21BB1B25A63F00A6CEBA /* TestChatControllerTests.xctest */;
			productType = "com.apple.product-type.bundle.unit-test";
		};
/* End PBXNativeTarget section */

/* Begin PBXProject section */
		407C219E1B25A63F00A6CEBA /* Project object */ = {
			isa = PBXProject;
			attributes = {
				LastSwiftUpdateCheck = 0700;
				LastUpgradeCheck = 0630;
				ORGANIZATIONNAME = "臧其龙";
				TargetAttributes = {
					407C21A51B25A63F00A6CEBA = {
						CreatedOnToolsVersion = 6.3.2;
					};
					407C21BA1B25A63F00A6CEBA = {
						CreatedOnToolsVersion = 6.3.2;
						TestTargetID = 407C21A51B25A63F00A6CEBA;
					};
				};
			};
			buildConfigurationList = 407C21A11B25A63F00A6CEBA /* Build configuration list for PBXProject "TestChatController" */;
			compatibilityVersion = "Xcode 3.2";
			developmentRegion = English;
			hasScannedForEncodings = 0;
			knownRegions = (
				en,
				Base,
			);
			mainGroup = 407C219D1B25A63F00A6CEBA;
			productRefGroup = 407C21A71B25A63F00A6CEBA /* Products */;
			projectDirPath = "";
			projectRoot = "";
			targets = (
				407C21A51B25A63F00A6CEBA /* TestChatController */,
				407C21BA1B25A63F00A6CEBA /* TestChatControllerTests */,
			);
		};
/* End PBXProject section */

/* Begin PBXResourcesBuildPhase section */
		407C21A41B25A63F00A6CEBA /* Resources */ = {
			isa = PBXResourcesBuildPhase;
			buildActionMask = 2147483647;
			files = (
				407C21CE1B25AB8600A6CEBA /* demands.png in Resources */,
				407C21D01B25AC8900A6CEBA /* niujiao.jpg in Resources */,
				407C21B11B25A63F00A6CEBA /* Main.storyboard in Resources */,
				407C21B61B25A63F00A6CEBA /* LaunchScreen.xib in Resources */,
				407C21B31B25A63F00A6CEBA /* Images.xcassets in Resources */,
			);
			runOnlyForDeploymentPostprocessing = 0;
		};
		407C21B91B25A63F00A6CEBA /* Resources */ = {
			isa = PBXResourcesBuildPhase;
			buildActionMask = 2147483647;
			files = (
			);
			runOnlyForDeploymentPostprocessing = 0;
		};
/* End PBXResourcesBuildPhase section */

/* Begin PBXSourcesBuildPhase section */
		407C21A21B25A63F00A6CEBA /* Sources */ = {
			isa = PBXSourcesBuildPhase;
			buildActionMask = 2147483647;
			files = (
				407C21AE1B25A63F00A6CEBA /* ViewController.swift in Sources */,
				407C21AC1B25A63F00A6CEBA /* AppDelegate.swift in Sources */,
				407C21CC1B25AA7C00A6CEBA /* MyCustomTableViewCell.swift in Sources */,
			);
			runOnlyForDeploymentPostprocessing = 0;
		};
		407C21B71B25A63F00A6CEBA /* Sources */ = {
			isa = PBXSourcesBuildPhase;
			buildActionMask = 2147483647;
			files = (
				407C21C21B25A63F00A6CEBA /* TestChatControllerTests.swift in Sources */,
			);
			runOnlyForDeploymentPostprocessing = 0;
		};
/* End PBXSourcesBuildPhase section */

/* Begin PBXTargetDependency section */
		407C21BD1B25A63F00A6CEBA /* PBXTargetDependency */ = {
			isa = PBXTargetDependency;
			target = 407C21A51B25A63F00A6CEBA /* TestChatController */;
			targetProxy = 407C21BC1B25A63F00A6CEBA /* PBXContainerItemProxy */;
		};
/* End PBXTargetDependency section */

/* Begin PBXVariantGroup section */
		407C21AF1B25A63F00A6CEBA /* Main.storyboard */ = {
			isa = PBXVariantGroup;
			children = (
				407C21B01B25A63F00A6CEBA /* Base */,
			);
			name = Main.storyboard;
			sourceTree = "<group>";
		};
		407C21B41B25A63F00A6CEBA /* LaunchScreen.xib */ = {
			isa = PBXVariantGroup;
			children = (
				407C21B51B25A63F00A6CEBA /* Base */,
			);
			name = LaunchScreen.xib;
			sourceTree = "<group>";
		};
/* End PBXVariantGroup section */

/* Begin XCBuildConfiguration section */
		407C21C31B25A63F00A6CEBA /* Debug */ = {
			isa = XCBuildConfiguration;
			buildSettings = {
				ALWAYS_SEARCH_USER_PATHS = NO;
				CLANG_CXX_LANGUAGE_STANDARD = "gnu++0x";
				CLANG_CXX_LIBRARY = "libc++";
				CLANG_ENABLE_MODULES = YES;
				CLANG_ENABLE_OBJC_ARC = YES;
				CLANG_WARN_BOOL_CONVERSION = YES;
				CLANG_WARN_CONSTANT_CONVERSION = YES;
				CLANG_WARN_DIRECT_OBJC_ISA_USAGE = YES_ERROR;
				CLANG_WARN_EMPTY_BODY = YES;
				CLANG_WARN_ENUM_CONVERSION = YES;
				CLANG_WARN_INT_CONVERSION = YES;
				CLANG_WARN_OBJC_ROOT_CLASS = YES_ERROR;
				CLANG_WARN_UNREACHABLE_CODE = YES;
				CLANG_WARN__DUPLICATE_METHOD_MATCH = YES;
				"CODE_SIGN_IDENTITY[sdk=iphoneos*]" = "iPhone Developer";
				COPY_PHASE_STRIP = NO;
				DEBUG_INFORMATION_FORMAT = "dwarf-with-dsym";
				ENABLE_STRICT_OBJC_MSGSEND = YES;
				GCC_C_LANGUAGE_STANDARD = gnu99;
				GCC_DYNAMIC_NO_PIC = NO;
				GCC_NO_COMMON_BLOCKS = YES;
				GCC_OPTIMIZATION_LEVEL = 0;
				GCC_PREPROCESSOR_DEFINITIONS = (
					"DEBUG=1",
					"$(inherited)",
				);
				GCC_SYMBOLS_PRIVATE_EXTERN = NO;
				GCC_WARN_64_TO_32_BIT_CONVERSION = YES;
				GCC_WARN_ABOUT_RETURN_TYPE = YES_ERROR;
				GCC_WARN_UNDECLARED_SELECTOR = YES;
				GCC_WARN_UNINITIALIZED_AUTOS = YES_AGGRESSIVE;
				GCC_WARN_UNUSED_FUNCTION = YES;
				GCC_WARN_UNUSED_VARIABLE = YES;
				IPHONEOS_DEPLOYMENT_TARGET = 8.3;
				MTL_ENABLE_DEBUG_INFO = YES;
				ONLY_ACTIVE_ARCH = YES;
				SDKROOT = iphoneos;
				SWIFT_OPTIMIZATION_LEVEL = "-Onone";
				TARGETED_DEVICE_FAMILY = "1,2";
			};
			name = Debug;
		};
		407C21C41B25A63F00A6CEBA /* Release */ = {
			isa = XCBuildConfiguration;
			buildSettings = {
				ALWAYS_SEARCH_USER_PATHS = NO;
				CLANG_CXX_LANGUAGE_STANDARD = "gnu++0x";
				CLANG_CXX_LIBRARY = "libc++";
				CLANG_ENABLE_MODULES = YES;
				CLANG_ENABLE_OBJC_ARC = YES;
				CLANG_WARN_BOOL_CONVERSION = YES;
				CLANG_WARN_CONSTANT_CONVERSION = YES;
				CLANG_WARN_DIRECT_OBJC_ISA_USAGE = YES_ERROR;
				CLANG_WARN_EMPTY_BODY = YES;
				CLANG_WARN_ENUM_CONVERSION = YES;
				CLANG_WARN_INT_CONVERSION = YES;
				CLANG_WARN_OBJC_ROOT_CLASS = YES_ERROR;
				CLANG_WARN_UNREACHABLE_CODE = YES;
				CLANG_WARN__DUPLICATE_METHOD_MATCH = YES;
				"CODE_SIGN_IDENTITY[sdk=iphoneos*]" = "iPhone Developer";
				COPY_PHASE_STRIP = NO;
				DEBUG_INFORMATION_FORMAT = "dwarf-with-dsym";
				ENABLE_NS_ASSERTIONS = NO;
				ENABLE_STRICT_OBJC_MSGSEND = YES;
				GCC_C_LANGUAGE_STANDARD = gnu99;
				GCC_NO_COMMON_BLOCKS = YES;
				GCC_WARN_64_TO_32_BIT_CONVERSION = YES;
				GCC_WARN_ABOUT_RETURN_TYPE = YES_ERROR;
				GCC_WARN_UNDECLARED_SELECTOR = YES;
				GCC_WARN_UNINITIALIZED_AUTOS = YES_AGGRESSIVE;
				GCC_WARN_UNUSED_FUNCTION = YES;
				GCC_WARN_UNUSED_VARIABLE = YES;
				IPHONEOS_DEPLOYMENT_TARGET = 8.3;
				MTL_ENABLE_DEBUG_INFO = NO;
				SDKROOT = iphoneos;
				TARGETED_DEVICE_FAMILY = "1,2";
				VALIDATE_PRODUCT = YES;
			};
			name = Release;
		};
		407C21C61B25A63F00A6CEBA /* Debug */ = {
			isa = XCBuildConfiguration;
			buildSettings = {
				ASSETCATALOG_COMPILER_APPICON_NAME = AppIcon;
				INFOPLIST_FILE = TestChatController/Info.plist;
				LD_RUNPATH_SEARCH_PATHS = "$(inherited) @executable_path/Frameworks";
				PRODUCT_NAME = "$(TARGET_NAME)";
			};
			name = Debug;
		};
		407C21C71B25A63F00A6CEBA /* Release */ = {
			isa = XCBuildConfiguration;
			buildSettings = {
				ASSETCATALOG_COMPILER_APPICON_NAME = AppIcon;
				INFOPLIST_FILE = TestChatController/Info.plist;
				LD_RUNPATH_SEARCH_PATHS = "$(inherited) @executable_path/Frameworks";
				PRODUCT_NAME = "$(TARGET_NAME)";
			};
			name = Release;
		};
		407C21C91B25A63F00A6CEBA /* Debug */ = {
			isa = XCBuildConfiguration;
			buildSettings = {
				BUNDLE_LOADER = "$(TEST_HOST)";
				FRAMEWORK_SEARCH_PATHS = (
					"$(SDKROOT)/Developer/Library/Frameworks",
					"$(inherited)",
				);
				GCC_PREPROCESSOR_DEFINITIONS = (
					"DEBUG=1",
					"$(inherited)",
				);
				INFOPLIST_FILE = TestChatControllerTests/Info.plist;
				LD_RUNPATH_SEARCH_PATHS = "$(inherited) @executable_path/Frameworks @loader_path/Frameworks";
				PRODUCT_NAME = "$(TARGET_NAME)";
				TEST_HOST = "$(BUILT_PRODUCTS_DIR)/TestChatController.app/TestChatController";
			};
			name = Debug;
		};
		407C21CA1B25A63F00A6CEBA /* Release */ = {
			isa = XCBuildConfiguration;
			buildSettings = {
				BUNDLE_LOADER = "$(TEST_HOST)";
				FRAMEWORK_SEARCH_PATHS = (
					"$(SDKROOT)/Developer/Library/Frameworks",
					"$(inherited)",
				);
				INFOPLIST_FILE = TestChatControllerTests/Info.plist;
				LD_RUNPATH_SEARCH_PATHS = "$(inherited) @executable_path/Frameworks @loader_path/Frameworks";
				PRODUCT_NAME = "$(TARGET_NAME)";
				TEST_HOST = "$(BUILT_PRODUCTS_DIR)/TestChatController.app/TestChatController";
			};
			name = Release;
		};
/* End XCBuildConfiguration section */

/* Begin XCConfigurationList section */
		407C21A11B25A63F00A6CEBA /* Build configuration list for PBXProject "TestChatController" */ = {
			isa = XCConfigurationList;
			buildConfigurations = (
				407C21C31B25A63F00A6CEBA /* Debug */,
				407C21C41B25A63F00A6CEBA /* Release */,
			);
			defaultConfigurationIsVisible = 0;
			defaultConfigurationName = Release;
		};
		407C21C51B25A63F00A6CEBA /* Build configuration list for PBXNativeTarget "TestChatController" */ = {
			isa = XCConfigurationList;
			buildConfigurations = (
				407C21C61B25A63F00A6CEBA /* Debug */,
				407C21C71B25A63F00A6CEBA /* Release */,
			);
			defaultConfigurationIsVisible = 0;
			defaultConfigurationName = Release;
		};
		407C21C81B25A63F00A6CEBA /* Build configuration list for PBXNativeTarget "TestChatControllerTests" */ = {
			isa = XCConfigurationList;
			buildConfigurations = (
				407C21C91B25A63F00A6CEBA /* Debug */,
				407C21CA1B25A63F00A6CEBA /* Release */,
			);
			defaultConfigurationIsVisible = 0;
			defaultConfigurationName = Release;
		};
/* End XCConfigurationList section */
	};
	rootObject = 407C219E1B25A63F00A6CEBA /* Project object */;
}
